# generated by rye
# use `rye lock` or `rye sync` to update this lockfile
#
# last locked with the following flags:
#   pre: false
#   features: []
#   all-features: false
#   with-sources: false
#   generate-hashes: false
#   universal: false

-e file:.
certifi==2024.8.30
charset-normalizer==3.3.2
deprecated==1.2.14
exceptiongroup==1.2.2
googleapis-common-protos==1.65.0
idna==3.10
importlib-metadata==8.4.0
iniconfig==2.0.0
mypy==1.11.2
mypy-extensions==1.0.0
opentelemetry-api==1.27.0
opentelemetry-exporter-otlp-proto-common==1.27.0
opentelemetry-exporter-otlp-proto-http==1.27.0
opentelemetry-proto==1.27.0
opentelemetry-sdk==1.27.0
opentelemetry-semantic-conventions==0.48b0
packaging==24.1
pluggy==1.5.0
protobuf==4.25.5
pytest==8.3.3
requests==2.32.3
ruff==0.6.9
tomli==2.0.2
types-requests==2.32.0.20240914
typing-extensions==4.12.2
urllib3==2.2.3
wrapt==1.16.0
zipp==3.20.2
