# generated by rye
# use `rye lock` or `rye sync` to update this lockfile
#
# last locked with the following flags:
#   pre: false
#   features: []
#   all-features: false
#   with-sources: false

-e file:.
exceptiongroup==1.2.1
    # via pytest
iniconfig==2.0.0
    # via pytest
mypy==1.10.0
mypy-extensions==1.0.0
    # via mypy
packaging==24.0
    # via pytest
pluggy==1.5.0
    # via pytest
pytest==8.2.0
tomli==2.0.1
    # via mypy
    # via pytest
typing-extensions==4.11.0
    # via mypy
