# generated by rye
# use `rye lock` or `rye sync` to update this lockfile
#
# last locked with the following flags:
#   pre: false
#   features: []
#   all-features: false
#   with-sources: false
#   generate-hashes: false
#   universal: false

-e file:.
certifi==2024.8.30
    # via requests
charset-normalizer==3.3.2
    # via requests
idna==3.8
    # via requests
requests==2.32.3
    # via resonate-sdk
typing-extensions==4.12.2
    # via resonate-sdk
urllib3==2.2.2
    # via requests
