# generated by rye
# use `rye lock` or `rye sync` to update this lockfile
#
# last locked with the following flags:
#   pre: false
#   features: []
#   all-features: false
#   with-sources: false
#   generate-hashes: false
#   universal: false

-e file:.
appdirs==1.4.4
attrs==24.2.0
automat==24.8.1
cachecontrol==0.14.0
certifi==2024.8.30
charset-normalizer==3.4.0
click==8.1.7
configargparse==1.7
constantly==23.10.4
deprecated==1.2.14
docstring-parser-fork==0.0.9
docutils==0.21.2
exceptiongroup==1.2.2
filelock==3.16.1
googleapis-common-protos==1.65.0
hyperlink==21.0.0
idna==3.10
importlib-metadata==8.4.0
incremental==24.7.2
iniconfig==2.0.0
lunr==0.6.2
msgpack==1.1.0
mypy==1.12.0
mypy-extensions==1.0.0
opentelemetry-api==1.27.0
opentelemetry-exporter-otlp-proto-common==1.27.0
opentelemetry-exporter-otlp-proto-http==1.27.0
opentelemetry-proto==1.27.0
opentelemetry-sdk==1.27.0
opentelemetry-semantic-conventions==0.48b0
packaging==24.1
pluggy==1.5.0
protobuf==4.25.5
pydoclint==0.5.9
pydoctor==24.3.3
pytest==8.3.3
requests==2.32.3
ruff==0.7.0
setuptools==75.2.0
toml==0.10.2
tomli==2.0.2
twisted==24.7.0
types-requests==2.32.0.20241016
typing-extensions==4.12.2
urllib3==2.2.3
vulture==2.13
wrapt==1.16.0
zipp==3.20.2
zope-interface==7.1.0
