{
  "name": "hello_world",
  "version": "1.0.0",
  "lockfileVersion": 3,
  "requires": true,
  "packages": {
    "": {
      "name": "hello_world",
      "version": "1.0.0",
      "license": "ISC",
      "dependencies": {
        "@resonatehq/sdk": "^0.0.1-c154d83f8bb58bc6ed67628324b2d4764bec60ab.0"
      }
    },
    "node_modules/@opentelemetry/api": {
      "version": "1.8.0",
      "resolved": "https://registry.npmjs.org/@opentelemetry/api/-/api-1.8.0.tgz",
      "integrity": "sha512-I/s6F7yKUDdtMsoBWXJe8Qz40Tui5vsuKCWJEWVL+5q9sSWRzzx6v2KeNsOBEwd94j0eWkpWCH4yB6rZg9Mf0w==",
      "engines": {
        "node": ">=8.0.0"
      }
    },
    "node_modules/@resonatehq/sdk": {
      "version": "0.0.1-c154d83f8bb58bc6ed67628324b2d4764bec60ab.0",
      "resolved": "https://registry.npmjs.org/@resonatehq/sdk/-/sdk-0.0.1-c154d83f8bb58bc6ed67628324b2d4764bec60ab.0.tgz",
      "integrity": "sha512-QQdMiFIAhxD9XSvo+GK5FOtrUqLaqIs9uoqp5/tSOhUTdwugTiGiMJKz9LFDqkHeHznOoDZTxulRjsrBC1QO8A==",
      "dependencies": {
        "@opentelemetry/api": "^1.7.0",
        "cron-parser": "^4.9.0"
      }
    },
    "node_modules/cron-parser": {
      "version": "4.9.0",
      "resolved": "https://registry.npmjs.org/cron-parser/-/cron-parser-4.9.0.tgz",
      "integrity": "sha512-p0SaNjrHOnQeR8/VnfGbmg9te2kfyYSQ7Sc/j/6DtPL3JQvKxmjO9TSjNFpujqV3vEYYBvNNvXSxzyksBWAx1Q==",
      "dependencies": {
        "luxon": "^3.2.1"
      },
      "engines": {
        "node": ">=12.0.0"
      }
    },
    "node_modules/luxon": {
      "version": "3.4.4",
      "resolved": "https://registry.npmjs.org/luxon/-/luxon-3.4.4.tgz",
      "integrity": "sha512-zobTr7akeGHnv7eBOXcRgMeCP6+uyYsczwmeRCauvpvaAltgNyTbLH/+VaEAPUeWBT+1GuNmz4wC/6jtQzbbVA==",
      "engines": {
        "node": ">=12"
      }
    }
  }
}
