# generated by rye
# use `rye lock` or `rye sync` to update this lockfile
#
# last locked with the following flags:
#   pre: false
#   features: []
#   all-features: false
#   with-sources: false

-e file:.
resonate-sdk-py @ file:///Users/tomasperez/Documents/resonate/resonate-sdk-py/examples/race-condition/../..
    # via race-condition
result==0.17.0
    # via resonate-sdk-py
typing-extensions==4.12.2
    # via race-condition
