{
  "name": "resonate-example-async",
  "version": "1.0.0",
  "lockfileVersion": 3,
  "requires": true,
  "packages": {
    "": {
      "name": "resonate-example-async",
      "version": "1.0.0",
      "license": "Apache-2.0",
      "dependencies": {
        "@resonatehq/sdk": "file:../.."
      }
    },
    "../..": {
      "name": "@resonatehq/sdk",
      "version": "0.6.2",
      "license": "Apache-2.0",
      "dependencies": {
        "cron-parser": "^4.9.0"
      },
      "devDependencies": {
        "@jest/globals": "^29.7.0",
        "@types/node": "^20.11.19",
        "@typescript-eslint/eslint-plugin": "^6.10.0",
        "eslint": "^8.53.0",
        "eslint-config-prettier": "^9.0.0",
        "eslint-config-standard-with-typescript": "^39.1.1",
        "eslint-import-resolver-typescript": "^3.6.1",
        "eslint-plugin-import": "^2.29.1",
        "eslint-plugin-n": "^16.3.1",
        "eslint-plugin-promise": "^6.1.1",
        "prettier": "^3.2.5",
        "ts-jest": "^29.1.1",
        "ts-node": "^10.9.2",
        "typedoc": "^0.25.7",
        "typedoc-material-theme": "^1.0.2",
        "typescript": "^5.2.2"
      },
      "engines": {
        "node": ">= 18"
      }
    },
    "node_modules/@resonatehq/sdk": {
      "resolved": "../..",
      "link": true
    }
  }
}
